
Microsoft Visual Studio Solution File, Format Version 12.00
# Visual Studio 15
VisualStudioVersion = 15.0.27703.2035
MinimumVisualStudioVersion = 10.0.40219.1
Project("{FAE04EC0-301F-11D3-BF4B-00C04F79EFBC}") = "TIO-CS", "TIO-CS\TIO-CS.csproj", "{BB400696-7217-40B8-88CD-5F94945CC709}"
EndProject
Project("{F2A71F9B-5D33-465A-A702-920D77279786}") = "TIO-FS", "TIO-FS\TIO-FS.fsproj", "{5AA3BC07-5032-40B1-80B4-E52EFB44EB08}"
EndProject
Project("{F184B08F-C81C-45F6-A57F-5ABD9991F28F}") = "TIO-VB", "TIO-VB\TIO-VB.vbproj", "{10B0F23F-1C39-4736-B334-0E0A968DE855}"
EndProject
Global
	GlobalSection(SolutionConfigurationPlatforms) = preSolution
		Debug|Any CPU = Debug|Any CPU
		Release|Any CPU = Release|Any CPU
	EndGlobalSection
	GlobalSection(ProjectConfigurationPlatforms) = postSolution
		{BB400696-7217-40B8-88CD-5F94945CC709}.Debug|Any CPU.ActiveCfg = Debug|Any CPU
		{BB400696-7217-40B8-88CD-5F94945CC709}.Debug|Any CPU.Build.0 = Debug|Any CPU
		{BB400696-7217-40B8-88CD-5F94945CC709}.Release|Any CPU.ActiveCfg = Release|Any CPU
		{BB400696-7217-40B8-88CD-5F94945CC709}.Release|Any CPU.Build.0 = Release|Any CPU
		{5AA3BC07-5032-40B1-80B4-E52EFB44EB08}.Debug|Any CPU.ActiveCfg = Debug|Any CPU
		{5AA3BC07-5032-40B1-80B4-E52EFB44EB08}.Debug|Any CPU.Build.0 = Debug|Any CPU
		{5AA3BC07-5032-40B1-80B4-E52EFB44EB08}.Release|Any CPU.ActiveCfg = Release|Any CPU
		{5AA3BC07-5032-40B1-80B4-E52EFB44EB08}.Release|Any CPU.Build.0 = Release|Any CPU
		{10B0F23F-1C39-4736-B334-0E0A968DE855}.Debug|Any CPU.ActiveCfg = Debug|Any CPU
		{10B0F23F-1C39-4736-B334-0E0A968DE855}.Debug|Any CPU.Build.0 = Debug|Any CPU
		{10B0F23F-1C39-4736-B334-0E0A968DE855}.Release|Any CPU.ActiveCfg = Release|Any CPU
		{10B0F23F-1C39-4736-B334-0E0A968DE855}.Release|Any CPU.Build.0 = Release|Any CPU
	EndGlobalSection
	GlobalSection(SolutionProperties) = preSolution
		HideSolutionNode = FALSE
	EndGlobalSection
	GlobalSection(ExtensibilityGlobals) = postSolution
		SolutionGuid = {1C404ABB-742A-4EE8-8A80-17429F5F282B}
	EndGlobalSection
EndGlobal
