
Microsoft Visual Studio Solution File, Format Version 12.00
# Visual Studio 15
Project("{FAE04EC0-301F-11D3-BF4B-00C04F79EFBC}") = "TIO", "TIO.csproj", "{EE837EDE-89B6-433D-A216-D4D0BF8A5373}"
EndProject
Global
	GlobalSection(SolutionConfigurationPlatforms) = preSolution
		Debug|x86 = Debug|x86
		Release|x86 = Release|x86
	EndGlobalSection
	GlobalSection(ProjectConfigurationPlatforms) = postSolution
		{EE837EDE-89B6-433D-A216-D4D0BF8A5373}.Debug|x86.ActiveCfg = Debug|x86
		{EE837EDE-89B6-433D-A216-D4D0BF8A5373}.Debug|x86.Build.0 = Debug|x86
		{EE837EDE-89B6-433D-A216-D4D0BF8A5373}.Release|x86.ActiveCfg = Release|x86
		{EE837EDE-89B6-433D-A216-D4D0BF8A5373}.Release|x86.Build.0 = Release|x86
	EndGlobalSection
EndGlobal
